# THIS IS AN AUTOGENERATED FILE. DO NOT EDIT THIS FILE DIRECTLY.
# yarn lockfile v1


"@types/engine.io@*":
  version "3.1.5"
  resolved "https://registry.yarnpkg.com/@types/engine.io/-/engine.io-3.1.5.tgz#ed280bec61d6226c0bfcb03f2820c4e65391dac2"
  integrity sha512-DLVpLEGTEZGBXOYoYoagHSxXkDHONc0fZouF2ayw7Q18aRu1Afwci+1CFKvPpouCUOVWP+dmCaAWpQjswe7kpg==
  dependencies:
    "@types/node" "*"

"@types/node@*":
  version "15.0.0"
  resolved "https://registry.yarnpkg.com/@types/node/-/node-15.0.0.tgz#557dd0da4a6dca1407481df3bbacae0cd6f68042"
  integrity sha512-YN1d+ae2MCb4U0mMa+Zlb5lWTdpFShbAj5nmte6lel27waMMBfivrm0prC16p/Di3DyTrmerrYUT8/145HXxVw==

"@types/socket.io-client@^1.4.36":
  version "1.4.36"
  resolved "https://registry.yarnpkg.com/@types/socket.io-client/-/socket.io-client-1.4.36.tgz#e4f1ca065f84c20939e9850e70222202bd76ff3f"
  integrity sha512-ZJWjtFBeBy1kRSYpVbeGYTElf6BqPQUkXDlHHD4k/42byCN5Rh027f4yARHCink9sKAkbtGZXEAmR0ZCnc2/Ag==

"@types/socket.io-parser@*":
  version "2.2.1"
  resolved "https://registry.yarnpkg.com/@types/socket.io-parser/-/socket.io-parser-2.2.1.tgz#dc94aed303839487f4975249a32a548109ea3647"
  integrity sha512-+JNb+7N7tSINyXPxAJb62+NcpC1x/fPn7z818W4xeNCdPTp6VsO/X8fCsg6+ug4a56m1v9sEiTIIUKVupcHOFQ==
  dependencies:
    "@types/node" "*"

"@types/socket.io@^2.1.13":
  version "2.1.13"
  resolved "https://registry.yarnpkg.com/@types/socket.io/-/socket.io-2.1.13.tgz#b6d694234e99956c96ff99e197eda824b6f9dc48"
  integrity sha512-JRgH3nCgsWel4OPANkhH8TelpXvacAJ9VeryjuqCDiaVDMpLysd6sbt0dr6Z15pqH3p2YpOT3T1C5vQ+O/7uyg==
  dependencies:
    "@types/engine.io" "*"
    "@types/node" "*"
    "@types/socket.io-parser" "*"

fp-ts@^2.10.4:
  version "2.10.4"
  resolved "https://registry.yarnpkg.com/fp-ts/-/fp-ts-2.10.4.tgz#f81f34b1c15b3255d65cdbb39508ebb42922aa0c"
  integrity sha512-vMTB5zNc9PnE20q145PNbkiL9P9WegwmKVOFloi/NfHnPdAlcob6I3AKqlH/9u3k3/M/GOftZhcJdBrb+NtnDA==

io-ts@^2.2.16:
  version "2.2.16"
  resolved "https://registry.yarnpkg.com/io-ts/-/io-ts-2.2.16.tgz#597dffa03db1913fc318c9c6df6931cb4ed808b2"
  integrity sha512-y5TTSa6VP6le0hhmIyN0dqEXkrZeJLeC5KApJq6VLci3UEKF80lZ+KuoUs02RhBxNWlrqSNxzfI7otLX1Euv8Q==

prettier@^2.2.1:
  version "2.2.1"
  resolved "https://registry.yarnpkg.com/prettier/-/prettier-2.2.1.tgz#795a1a78dd52f073da0cd42b21f9c91381923ff5"
  integrity sha512-PqyhM2yCjg/oKkFPtTGUojv7gnZAoG80ttl45O6x2Ug/rMJw4wcc9k6aaf2hibP7BGVCCM33gZoGjyvt9mm16Q==

typescript@^4.2.4:
  version "4.2.4"
  resolved "https://registry.yarnpkg.com/typescript/-/typescript-4.2.4.tgz#8610b59747de028fda898a8aef0e103f156d0961"
  integrity sha512-V+evlYHZnQkaz8TRBuxTA92yZBPotr5H+WhQ7bD3hZUndx5tGOa1fuCgeSjxAzM1RiN5IzvadIXTVefuuwZCRg==
